
Microsoft Visual Studio Solution File, Format Version 12.00
# Visual Studio 15
VisualStudioVersion = 15.0.28307.852
MinimumVisualStudioVersion = 10.0.40219.1
Project("{FAE04EC0-301F-11D3-BF4B-00C04F79EFBC}") = "mantis-tests", "mantis-tests\mantis-tests.csproj", "{ACE4C279-B343-41C2-ABFE-0BF1B58F25D2}"
EndProject
Global
	GlobalSection(SolutionConfigurationPlatforms) = preSolution
		Debug|Any CPU = Debug|Any CPU
		Release|Any CPU = Release|Any CPU
	EndGlobalSection
	GlobalSection(ProjectConfigurationPlatforms) = postSolution
		{ACE4C279-B343-41C2-ABFE-0BF1B58F25D2}.Debug|Any CPU.ActiveCfg = Debug|Any CPU
		{ACE4C279-B343-41C2-ABFE-0BF1B58F25D2}.Debug|Any CPU.Build.0 = Debug|Any CPU
		{ACE4C279-B343-41C2-ABFE-0BF1B58F25D2}.Release|Any CPU.ActiveCfg = Release|Any CPU
		{ACE4C279-B343-41C2-ABFE-0BF1B58F25D2}.Release|Any CPU.Build.0 = Release|Any CPU
	EndGlobalSection
	GlobalSection(SolutionProperties) = preSolution
		HideSolutionNode = FALSE
	EndGlobalSection
	GlobalSection(ExtensibilityGlobals) = postSolution
		SolutionGuid = {553AA624-C357-46D2-BF81-ED0F44516E58}
	EndGlobalSection
EndGlobal
