
Microsoft Visual Studio Solution File, Format Version 12.00
# Visual Studio 15
VisualStudioVersion = 15.0.27703.2018
MinimumVisualStudioVersion = 10.0.40219.1
Project("{FAE04EC0-301F-11D3-BF4B-00C04F79EFBC}") = "addressbook_tests_auto_it", "addressbook_tests_auto_it\addressbook_tests_auto_it.csproj", "{4C112B53-EF3A-41CA-85C2-3A453F65EECF}"
EndProject
Global
	GlobalSection(SolutionConfigurationPlatforms) = preSolution
		Debug|Any CPU = Debug|Any CPU
		Release|Any CPU = Release|Any CPU
	EndGlobalSection
	GlobalSection(ProjectConfigurationPlatforms) = postSolution
		{4C112B53-EF3A-41CA-85C2-3A453F65EECF}.Debug|Any CPU.ActiveCfg = Debug|Any CPU
		{4C112B53-EF3A-41CA-85C2-3A453F65EECF}.Debug|Any CPU.Build.0 = Debug|Any CPU
		{4C112B53-EF3A-41CA-85C2-3A453F65EECF}.Release|Any CPU.ActiveCfg = Release|Any CPU
		{4C112B53-EF3A-41CA-85C2-3A453F65EECF}.Release|Any CPU.Build.0 = Release|Any CPU
	EndGlobalSection
	GlobalSection(SolutionProperties) = preSolution
		HideSolutionNode = FALSE
	EndGlobalSection
	GlobalSection(ExtensibilityGlobals) = postSolution
		SolutionGuid = {F6D9475A-D181-4CA4-BBE0-71B772658E1A}
	EndGlobalSection
EndGlobal
